// !$*UTF8*$!
{
	archiveVersion = 1;
	classes = {
	};
	objectVersion = 55;
	objects = {

/* Begin PBXBuildFile section */
		D4123B7D28E9F4D9007EA79B /* AccessTokenResponse.swift in Sources */ = {isa = PBXBuildFile; fileRef = D4123B7C28E9F4D9007EA79B /* AccessTokenResponse.swift */; };
		D4123B8028E9F552007EA79B /* NetworkManager.swift in Sources */ = {isa = PBXBuildFile; fileRef = D4123B7F28E9F552007EA79B /* NetworkManager.swift */; };
		D41A6B0228F063EF00EFAD77 /* TracksResponse.swift in Sources */ = {isa = PBXBuildFile; fileRef = D41A6B0128F063EF00EFAD77 /* TracksResponse.swift */; };
		D41A6B0528F0644200EFAD77 /* TrackItem.swift in Sources */ = {isa = PBXBuildFile; fileRef = D41A6B0428F0644200EFAD77 /* TrackItem.swift */; };
		D41A6B0728F068DC00EFAD77 /* TrackRow.swift in Sources */ = {isa = PBXBuildFile; fileRef = D41A6B0628F068DC00EFAD77 /* TrackRow.swift */; };
		D41A6B0A28F0697200EFAD77 /* TrackList.swift in Sources */ = {isa = PBXBuildFile; fileRef = D41A6B0928F0697200EFAD77 /* TrackList.swift */; };
		D41A6B0C28F06CD900EFAD77 /* Track.swift in Sources */ = {isa = PBXBuildFile; fileRef = D41A6B0B28F06CD900EFAD77 /* Track.swift */; };
		D44E26EA28EDF3AC0073225D /* AlbumScreen.swift in Sources */ = {isa = PBXBuildFile; fileRef = D44E26E928EDF3AC0073225D /* AlbumScreen.swift */; };
		D44E26EC28EDF4490073225D /* ProfileScreen.swift in Sources */ = {isa = PBXBuildFile; fileRef = D44E26EB28EDF4490073225D /* ProfileScreen.swift */; };
		D44E26EE28EDF4530073225D /* TrackScreen.swift in Sources */ = {isa = PBXBuildFile; fileRef = D44E26ED28EDF4530073225D /* TrackScreen.swift */; };
		D466992F28E8CC0B00E366C7 /* MainScreen.swift in Sources */ = {isa = PBXBuildFile; fileRef = D466992E28E8CC0B00E366C7 /* MainScreen.swift */; };
		D466993128E8CCA700E366C7 /* LoginScreen.swift in Sources */ = {isa = PBXBuildFile; fileRef = D466993028E8CCA700E366C7 /* LoginScreen.swift */; };
		D466993328E8CD4400E366C7 /* AppConstants.swift in Sources */ = {isa = PBXBuildFile; fileRef = D466993228E8CD4400E366C7 /* AppConstants.swift */; };
		D4C846A628B802F4000B2C2F /* Swift_Spotify_JanitorApp.swift in Sources */ = {isa = PBXBuildFile; fileRef = D4C846A528B802F4000B2C2F /* Swift_Spotify_JanitorApp.swift */; };
		D4C846A828B802F4000B2C2F /* ContentView.swift in Sources */ = {isa = PBXBuildFile; fileRef = D4C846A728B802F4000B2C2F /* ContentView.swift */; };
		D4C846AA28B802F6000B2C2F /* Assets.xcassets in Resources */ = {isa = PBXBuildFile; fileRef = D4C846A928B802F6000B2C2F /* Assets.xcassets */; };
		D4C846AD28B802F6000B2C2F /* Preview Assets.xcassets in Resources */ = {isa = PBXBuildFile; fileRef = D4C846AC28B802F6000B2C2F /* Preview Assets.xcassets */; };
		D4C846B728B802F6000B2C2F /* Swift_Spotify_JanitorTests.swift in Sources */ = {isa = PBXBuildFile; fileRef = D4C846B628B802F6000B2C2F /* Swift_Spotify_JanitorTests.swift */; };
		D4C846C128B802F6000B2C2F /* Swift_Spotify_JanitorUITests.swift in Sources */ = {isa = PBXBuildFile; fileRef = D4C846C028B802F6000B2C2F /* Swift_Spotify_JanitorUITests.swift */; };
		D4C846C328B802F6000B2C2F /* Swift_Spotify_JanitorUITestsLaunchTests.swift in Sources */ = {isa = PBXBuildFile; fileRef = D4C846C228B802F6000B2C2F /* Swift_Spotify_JanitorUITestsLaunchTests.swift */; };
		D4C846D228B8065C000B2C2F /* AccountInfo.json in Resources */ = {isa = PBXBuildFile; fileRef = D4C846D128B8065C000B2C2F /* AccountInfo.json */; };
		D4C846D428B80943000B2C2F /* AccountSavedAlbums.json in Resources */ = {isa = PBXBuildFile; fileRef = D4C846D328B80943000B2C2F /* AccountSavedAlbums.json */; };
		D4C846D728B811DC000B2C2F /* AlbumRow.swift in Sources */ = {isa = PBXBuildFile; fileRef = D4C846D628B811DC000B2C2F /* AlbumRow.swift */; };
		D4DBA42528ED8DBD00CEF5D9 /* SplashScreen.swift in Sources */ = {isa = PBXBuildFile; fileRef = D4DBA42428ED8DBD00CEF5D9 /* SplashScreen.swift */; };
		D4DBA42828ED8F2D00CEF5D9 /* ColorExtension.swift in Sources */ = {isa = PBXBuildFile; fileRef = D4DBA42728ED8F2D00CEF5D9 /* ColorExtension.swift */; };
		D4DBA44128EDC69600CEF5D9 /* OFL.txt in Resources */ = {isa = PBXBuildFile; fileRef = D4DBA42E28EDC69500CEF5D9 /* OFL.txt */; };
		D4DBA44728EDC69600CEF5D9 /* Poppins-Regular.ttf in Resources */ = {isa = PBXBuildFile; fileRef = D4DBA43428EDC69500CEF5D9 /* Poppins-Regular.ttf */; };
		D4DBA44D28EDC69600CEF5D9 /* Poppins-ExtraBold.ttf in Resources */ = {isa = PBXBuildFile; fileRef = D4DBA43A28EDC69500CEF5D9 /* Poppins-ExtraBold.ttf */; };
		D4DBA44F28EDC69600CEF5D9 /* Poppins-Light.ttf in Resources */ = {isa = PBXBuildFile; fileRef = D4DBA43C28EDC69600CEF5D9 /* Poppins-Light.ttf */; };
		D4E6256B28BBB9C1009EAC2A /* AlbumItem.swift in Sources */ = {isa = PBXBuildFile; fileRef = D4E6256A28BBB9C1009EAC2A /* AlbumItem.swift */; };
		D4E6256E28BBBCC8009EAC2A /* Album.swift in Sources */ = {isa = PBXBuildFile; fileRef = D4E6256D28BBBCC8009EAC2A /* Album.swift */; };
		D4E6257228BBBEF3009EAC2A /* ModelData.swift in Sources */ = {isa = PBXBuildFile; fileRef = D4E6257128BBBEF3009EAC2A /* ModelData.swift */; };
		D4E6257628BBC0A7009EAC2A /* AlbumList.swift in Sources */ = {isa = PBXBuildFile; fileRef = D4E6257528BBC0A7009EAC2A /* AlbumList.swift */; };
		D4E6257A28BBC753009EAC2A /* AlbumResponse.swift in Sources */ = {isa = PBXBuildFile; fileRef = D4E6257928BBC753009EAC2A /* AlbumResponse.swift */; };
		D4E6257C28BBE226009EAC2A /* Artist.swift in Sources */ = {isa = PBXBuildFile; fileRef = D4E6257B28BBE226009EAC2A /* Artist.swift */; };
		D4E6257E28BBE5FD009EAC2A /* ImageData.swift in Sources */ = {isa = PBXBuildFile; fileRef = D4E6257D28BBE5FD009EAC2A /* ImageData.swift */; };
		D4E9E40D28BE970D00E92472 /* Profile.swift in Sources */ = {isa = PBXBuildFile; fileRef = D4E9E40C28BE970D00E92472 /* Profile.swift */; };
		D4E9E41028BE9A1B00E92472 /* ProfileTag.swift in Sources */ = {isa = PBXBuildFile; fileRef = D4E9E40F28BE9A1B00E92472 /* ProfileTag.swift */; };
		D4FE0ADA28F34CA700595655 /* AuthenticationButton.swift in Sources */ = {isa = PBXBuildFile; fileRef = D4FE0AD928F34CA700595655 /* AuthenticationButton.swift */; };
		D4FE0ADD28F354FB00595655 /* GradientTopBox.swift in Sources */ = {isa = PBXBuildFile; fileRef = D4FE0ADC28F354FB00595655 /* GradientTopBox.swift */; };
		D4FE0ADF28F358CF00595655 /* AppColorGradientImage.swift in Sources */ = {isa = PBXBuildFile; fileRef = D4FE0ADE28F358CF00595655 /* AppColorGradientImage.swift */; };
		D4FE0AE128F35E3200595655 /* ItemActionButton.swift in Sources */ = {isa = PBXBuildFile; fileRef = D4FE0AE028F35E3200595655 /* ItemActionButton.swift */; };
/* End PBXBuildFile section */

/* Begin PBXContainerItemProxy section */
		D4C846B328B802F6000B2C2F /* PBXContainerItemProxy */ = {
			isa = PBXContainerItemProxy;
			containerPortal = D4C8469A28B802F4000B2C2F /* Project object */;
			proxyType = 1;
			remoteGlobalIDString = D4C846A128B802F4000B2C2F;
			remoteInfo = "Swift Spotify Janitor";
		};
		D4C846BD28B802F6000B2C2F /* PBXContainerItemProxy */ = {
			isa = PBXContainerItemProxy;
			containerPortal = D4C8469A28B802F4000B2C2F /* Project object */;
			proxyType = 1;
			remoteGlobalIDString = D4C846A128B802F4000B2C2F;
			remoteInfo = "Swift Spotify Janitor";
		};
/* End PBXContainerItemProxy section */

/* Begin PBXFileReference section */
		D4123B7C28E9F4D9007EA79B /* AccessTokenResponse.swift */ = {isa = PBXFileReference; lastKnownFileType = sourcecode.swift; path = AccessTokenResponse.swift; sourceTree = "<group>"; };
		D4123B7F28E9F552007EA79B /* NetworkManager.swift */ = {isa = PBXFileReference; lastKnownFileType = sourcecode.swift; path = NetworkManager.swift; sourceTree = "<group>"; };
		D41A6B0128F063EF00EFAD77 /* TracksResponse.swift */ = {isa = PBXFileReference; lastKnownFileType = sourcecode.swift; path = TracksResponse.swift; sourceTree = "<group>"; };
		D41A6B0428F0644200EFAD77 /* TrackItem.swift */ = {isa = PBXFileReference; lastKnownFileType = sourcecode.swift; path = TrackItem.swift; sourceTree = "<group>"; };
		D41A6B0628F068DC00EFAD77 /* TrackRow.swift */ = {isa = PBXFileReference; lastKnownFileType = sourcecode.swift; path = TrackRow.swift; sourceTree = "<group>"; };
		D41A6B0928F0697200EFAD77 /* TrackList.swift */ = {isa = PBXFileReference; lastKnownFileType = sourcecode.swift; path = TrackList.swift; sourceTree = "<group>"; };
		D41A6B0B28F06CD900EFAD77 /* Track.swift */ = {isa = PBXFileReference; lastKnownFileType = sourcecode.swift; path = Track.swift; sourceTree = "<group>"; };
		D44E26E928EDF3AC0073225D /* AlbumScreen.swift */ = {isa = PBXFileReference; lastKnownFileType = sourcecode.swift; path = AlbumScreen.swift; sourceTree = "<group>"; };
		D44E26EB28EDF4490073225D /* ProfileScreen.swift */ = {isa = PBXFileReference; lastKnownFileType = sourcecode.swift; path = ProfileScreen.swift; sourceTree = "<group>"; };
		D44E26ED28EDF4530073225D /* TrackScreen.swift */ = {isa = PBXFileReference; lastKnownFileType = sourcecode.swift; path = TrackScreen.swift; sourceTree = "<group>"; };
		D45C0F5728D7225C007F6047 /* Swift-Spotify-Janitor-Info.plist */ = {isa = PBXFileReference; lastKnownFileType = text.plist; path = "Swift-Spotify-Janitor-Info.plist"; sourceTree = SOURCE_ROOT; };
		D466992E28E8CC0B00E366C7 /* MainScreen.swift */ = {isa = PBXFileReference; lastKnownFileType = sourcecode.swift; path = MainScreen.swift; sourceTree = "<group>"; };
		D466993028E8CCA700E366C7 /* LoginScreen.swift */ = {isa = PBXFileReference; lastKnownFileType = sourcecode.swift; path = LoginScreen.swift; sourceTree = "<group>"; };
		D466993228E8CD4400E366C7 /* AppConstants.swift */ = {isa = PBXFileReference; lastKnownFileType = sourcecode.swift; path = AppConstants.swift; sourceTree = "<group>"; };
		D4C846A228B802F4000B2C2F /* Swift Spotify Janitor.app */ = {isa = PBXFileReference; explicitFileType = wrapper.application; includeInIndex = 0; path = "Swift Spotify Janitor.app"; sourceTree = BUILT_PRODUCTS_DIR; };
		D4C846A528B802F4000B2C2F /* Swift_Spotify_JanitorApp.swift */ = {isa = PBXFileReference; lastKnownFileType = sourcecode.swift; path = Swift_Spotify_JanitorApp.swift; sourceTree = "<group>"; };
		D4C846A728B802F4000B2C2F /* ContentView.swift */ = {isa = PBXFileReference; lastKnownFileType = sourcecode.swift; path = ContentView.swift; sourceTree = "<group>"; };
		D4C846A928B802F6000B2C2F /* Assets.xcassets */ = {isa = PBXFileReference; lastKnownFileType = folder.assetcatalog; path = Assets.xcassets; sourceTree = "<group>"; };
		D4C846AC28B802F6000B2C2F /* Preview Assets.xcassets */ = {isa = PBXFileReference; lastKnownFileType = folder.assetcatalog; path = "Preview Assets.xcassets"; sourceTree = "<group>"; };
		D4C846B228B802F6000B2C2F /* Swift Spotify JanitorTests.xctest */ = {isa = PBXFileReference; explicitFileType = wrapper.cfbundle; includeInIndex = 0; path = "Swift Spotify JanitorTests.xctest"; sourceTree = BUILT_PRODUCTS_DIR; };
		D4C846B628B802F6000B2C2F /* Swift_Spotify_JanitorTests.swift */ = {isa = PBXFileReference; lastKnownFileType = sourcecode.swift; path = Swift_Spotify_JanitorTests.swift; sourceTree = "<group>"; };
		D4C846BC28B802F6000B2C2F /* Swift Spotify JanitorUITests.xctest */ = {isa = PBXFileReference; explicitFileType = wrapper.cfbundle; includeInIndex = 0; path = "Swift Spotify JanitorUITests.xctest"; sourceTree = BUILT_PRODUCTS_DIR; };
		D4C846C028B802F6000B2C2F /* Swift_Spotify_JanitorUITests.swift */ = {isa = PBXFileReference; lastKnownFileType = sourcecode.swift; path = Swift_Spotify_JanitorUITests.swift; sourceTree = "<group>"; };
		D4C846C228B802F6000B2C2F /* Swift_Spotify_JanitorUITestsLaunchTests.swift */ = {isa = PBXFileReference; lastKnownFileType = sourcecode.swift; path = Swift_Spotify_JanitorUITestsLaunchTests.swift; sourceTree = "<group>"; };
		D4C846D128B8065C000B2C2F /* AccountInfo.json */ = {isa = PBXFileReference; lastKnownFileType = text.json; path = AccountInfo.json; sourceTree = "<group>"; };
		D4C846D328B80943000B2C2F /* AccountSavedAlbums.json */ = {isa = PBXFileReference; lastKnownFileType = text.json; path = AccountSavedAlbums.json; sourceTree = "<group>"; };
		D4C846D628B811DC000B2C2F /* AlbumRow.swift */ = {isa = PBXFileReference; lastKnownFileType = sourcecode.swift; path = AlbumRow.swift; sourceTree = "<group>"; };
		D4DBA42428ED8DBD00CEF5D9 /* SplashScreen.swift */ = {isa = PBXFileReference; lastKnownFileType = sourcecode.swift; path = SplashScreen.swift; sourceTree = "<group>"; };
		D4DBA42728ED8F2D00CEF5D9 /* ColorExtension.swift */ = {isa = PBXFileReference; lastKnownFileType = sourcecode.swift; path = ColorExtension.swift; sourceTree = "<group>"; };
		D4DBA42E28EDC69500CEF5D9 /* OFL.txt */ = {isa = PBXFileReference; fileEncoding = 4; lastKnownFileType = text; path = OFL.txt; sourceTree = "<group>"; };
		D4DBA43428EDC69500CEF5D9 /* Poppins-Regular.ttf */ = {isa = PBXFileReference; lastKnownFileType = file; path = "Poppins-Regular.ttf"; sourceTree = "<group>"; };
		D4DBA43A28EDC69500CEF5D9 /* Poppins-ExtraBold.ttf */ = {isa = PBXFileReference; lastKnownFileType = file; path = "Poppins-ExtraBold.ttf"; sourceTree = "<group>"; };
		D4DBA43C28EDC69600CEF5D9 /* Poppins-Light.ttf */ = {isa = PBXFileReference; lastKnownFileType = file; path = "Poppins-Light.ttf"; sourceTree = "<group>"; };
		D4E6256A28BBB9C1009EAC2A /* AlbumItem.swift */ = {isa = PBXFileReference; lastKnownFileType = sourcecode.swift; path = AlbumItem.swift; sourceTree = "<group>"; };
		D4E6256D28BBBCC8009EAC2A /* Album.swift */ = {isa = PBXFileReference; lastKnownFileType = sourcecode.swift; path = Album.swift; sourceTree = "<group>"; };
		D4E6257128BBBEF3009EAC2A /* ModelData.swift */ = {isa = PBXFileReference; lastKnownFileType = sourcecode.swift; path = ModelData.swift; sourceTree = "<group>"; };
		D4E6257528BBC0A7009EAC2A /* AlbumList.swift */ = {isa = PBXFileReference; lastKnownFileType = sourcecode.swift; path = AlbumList.swift; sourceTree = "<group>"; };
		D4E6257928BBC753009EAC2A /* AlbumResponse.swift */ = {isa = PBXFileReference; lastKnownFileType = sourcecode.swift; path = AlbumResponse.swift; sourceTree = "<group>"; };
		D4E6257B28BBE226009EAC2A /* Artist.swift */ = {isa = PBXFileReference; lastKnownFileType = sourcecode.swift; path = Artist.swift; sourceTree = "<group>"; };
		D4E6257D28BBE5FD009EAC2A /* ImageData.swift */ = {isa = PBXFileReference; lastKnownFileType = sourcecode.swift; path = ImageData.swift; sourceTree = "<group>"; };
		D4E9E40C28BE970D00E92472 /* Profile.swift */ = {isa = PBXFileReference; lastKnownFileType = sourcecode.swift; path = Profile.swift; sourceTree = "<group>"; };
		D4E9E40F28BE9A1B00E92472 /* ProfileTag.swift */ = {isa = PBXFileReference; lastKnownFileType = sourcecode.swift; path = ProfileTag.swift; sourceTree = "<group>"; };
		D4FE0AD928F34CA700595655 /* AuthenticationButton.swift */ = {isa = PBXFileReference; lastKnownFileType = sourcecode.swift; path = AuthenticationButton.swift; sourceTree = "<group>"; };
		D4FE0ADC28F354FB00595655 /* GradientTopBox.swift */ = {isa = PBXFileReference; lastKnownFileType = sourcecode.swift; path = GradientTopBox.swift; sourceTree = "<group>"; };
		D4FE0ADE28F358CF00595655 /* AppColorGradientImage.swift */ = {isa = PBXFileReference; lastKnownFileType = sourcecode.swift; path = AppColorGradientImage.swift; sourceTree = "<group>"; };
		D4FE0AE028F35E3200595655 /* ItemActionButton.swift */ = {isa = PBXFileReference; lastKnownFileType = sourcecode.swift; path = ItemActionButton.swift; sourceTree = "<group>"; };
/* End PBXFileReference section */

/* Begin PBXFrameworksBuildPhase section */
		D4C8469F28B802F4000B2C2F /* Frameworks */ = {
			isa = PBXFrameworksBuildPhase;
			buildActionMask = 2147483647;
			files = (
			);
			runOnlyForDeploymentPostprocessing = 0;
		};
		D4C846AF28B802F6000B2C2F /* Frameworks */ = {
			isa = PBXFrameworksBuildPhase;
			buildActionMask = 2147483647;
			files = (
			);
			runOnlyForDeploymentPostprocessing = 0;
		};
		D4C846B928B802F6000B2C2F /* Frameworks */ = {
			isa = PBXFrameworksBuildPhase;
			buildActionMask = 2147483647;
			files = (
			);
			runOnlyForDeploymentPostprocessing = 0;
		};
/* End PBXFrameworksBuildPhase section */

/* Begin PBXGroup section */
		D4123B7B28E9F4BF007EA79B /* Network */ = {
			isa = PBXGroup;
			children = (
				D4123B7C28E9F4D9007EA79B /* AccessTokenResponse.swift */,
			);
			path = Network;
			sourceTree = "<group>";
		};
		D4123B7E28E9F52F007EA79B /* Network */ = {
			isa = PBXGroup;
			children = (
				D4123B7F28E9F552007EA79B /* NetworkManager.swift */,
			);
			path = Network;
			sourceTree = "<group>";
		};
		D41A6B0328F063F600EFAD77 /* Tracks */ = {
			isa = PBXGroup;
			children = (
				D41A6B0128F063EF00EFAD77 /* TracksResponse.swift */,
				D41A6B0428F0644200EFAD77 /* TrackItem.swift */,
				D41A6B0B28F06CD900EFAD77 /* Track.swift */,
			);
			path = Tracks;
			sourceTree = "<group>";
		};
		D41A6B0828F0696200EFAD77 /* Track */ = {
			isa = PBXGroup;
			children = (
				D41A6B0628F068DC00EFAD77 /* TrackRow.swift */,
				D41A6B0928F0697200EFAD77 /* TrackList.swift */,
			);
			path = Track;
			sourceTree = "<group>";
		};
		D466992D28E8CBDC00E366C7 /* Screens */ = {
			isa = PBXGroup;
			children = (
				D466992E28E8CC0B00E366C7 /* MainScreen.swift */,
				D466993028E8CCA700E366C7 /* LoginScreen.swift */,
				D4DBA42428ED8DBD00CEF5D9 /* SplashScreen.swift */,
				D44E26E928EDF3AC0073225D /* AlbumScreen.swift */,
				D44E26EB28EDF4490073225D /* ProfileScreen.swift */,
				D44E26ED28EDF4530073225D /* TrackScreen.swift */,
			);
			path = Screens;
			sourceTree = "<group>";
		};
		D4C8469928B802F4000B2C2F = {
			isa = PBXGroup;
			children = (
				D4C846A428B802F4000B2C2F /* Swift Spotify Janitor */,
				D4C846B528B802F6000B2C2F /* Swift Spotify JanitorTests */,
				D4C846BF28B802F6000B2C2F /* Swift Spotify JanitorUITests */,
				D4C846A328B802F4000B2C2F /* Products */,
			);
			sourceTree = "<group>";
			usesTabs = 0;
		};
		D4C846A328B802F4000B2C2F /* Products */ = {
			isa = PBXGroup;
			children = (
				D4C846A228B802F4000B2C2F /* Swift Spotify Janitor.app */,
				D4C846B228B802F6000B2C2F /* Swift Spotify JanitorTests.xctest */,
				D4C846BC28B802F6000B2C2F /* Swift Spotify JanitorUITests.xctest */,
			);
			name = Products;
			sourceTree = "<group>";
		};
		D4C846A428B802F4000B2C2F /* Swift Spotify Janitor */ = {
			isa = PBXGroup;
			children = (
				D4DBA42C28EDC65F00CEF5D9 /* Fonts */,
				D4DBA42628ED8F1900CEF5D9 /* Extensions */,
				D4123B7E28E9F52F007EA79B /* Network */,
				D45C0F5728D7225C007F6047 /* Swift-Spotify-Janitor-Info.plist */,
				D4C846A528B802F4000B2C2F /* Swift_Spotify_JanitorApp.swift */,
				D4C846A928B802F6000B2C2F /* Assets.xcassets */,
				D4C846AB28B802F6000B2C2F /* Preview Content */,
				D4C846D528B80959000B2C2F /* Resources */,
				D4E6258128BBF1DF009EAC2A /* Views */,
				D4E6256C28BBBCB3009EAC2A /* Model */,
			);
			path = "Swift Spotify Janitor";
			sourceTree = "<group>";
		};
		D4C846AB28B802F6000B2C2F /* Preview Content */ = {
			isa = PBXGroup;
			children = (
				D4C846AC28B802F6000B2C2F /* Preview Assets.xcassets */,
			);
			path = "Preview Content";
			sourceTree = "<group>";
		};
		D4C846B528B802F6000B2C2F /* Swift Spotify JanitorTests */ = {
			isa = PBXGroup;
			children = (
				D4C846B628B802F6000B2C2F /* Swift_Spotify_JanitorTests.swift */,
			);
			path = "Swift Spotify JanitorTests";
			sourceTree = "<group>";
		};
		D4C846BF28B802F6000B2C2F /* Swift Spotify JanitorUITests */ = {
			isa = PBXGroup;
			children = (
				D4C846C028B802F6000B2C2F /* Swift_Spotify_JanitorUITests.swift */,
				D4C846C228B802F6000B2C2F /* Swift_Spotify_JanitorUITestsLaunchTests.swift */,
			);
			path = "Swift Spotify JanitorUITests";
			sourceTree = "<group>";
		};
		D4C846D528B80959000B2C2F /* Resources */ = {
			isa = PBXGroup;
			children = (
				D4C846D128B8065C000B2C2F /* AccountInfo.json */,
				D4C846D328B80943000B2C2F /* AccountSavedAlbums.json */,
				D466993228E8CD4400E366C7 /* AppConstants.swift */,
			);
			path = Resources;
			sourceTree = "<group>";
		};
		D4DBA42628ED8F1900CEF5D9 /* Extensions */ = {
			isa = PBXGroup;
			children = (
				D4DBA42728ED8F2D00CEF5D9 /* ColorExtension.swift */,
			);
			path = Extensions;
			sourceTree = "<group>";
		};
		D4DBA42C28EDC65F00CEF5D9 /* Fonts */ = {
			isa = PBXGroup;
			children = (
				D4DBA42E28EDC69500CEF5D9 /* OFL.txt */,
				D4DBA43A28EDC69500CEF5D9 /* Poppins-ExtraBold.ttf */,
				D4DBA43C28EDC69600CEF5D9 /* Poppins-Light.ttf */,
				D4DBA43428EDC69500CEF5D9 /* Poppins-Regular.ttf */,
			);
			path = Fonts;
			sourceTree = "<group>";
		};
		D4E6256C28BBBCB3009EAC2A /* Model */ = {
			isa = PBXGroup;
			children = (
				D41A6B0328F063F600EFAD77 /* Tracks */,
				D4123B7B28E9F4BF007EA79B /* Network */,
				D4E6257128BBBEF3009EAC2A /* ModelData.swift */,
				D4E6257F28BBF1AA009EAC2A /* Album */,
				D4E6258028BBF1B5009EAC2A /* Helper */,
				D4E9E41128BEB49700E92472 /* Profile */,
			);
			path = Model;
			sourceTree = "<group>";
		};
		D4E6257F28BBF1AA009EAC2A /* Album */ = {
			isa = PBXGroup;
			children = (
				D4E6256A28BBB9C1009EAC2A /* AlbumItem.swift */,
				D4E6256D28BBBCC8009EAC2A /* Album.swift */,
				D4E6257928BBC753009EAC2A /* AlbumResponse.swift */,
				D4E6257B28BBE226009EAC2A /* Artist.swift */,
			);
			path = Album;
			sourceTree = "<group>";
		};
		D4E6258028BBF1B5009EAC2A /* Helper */ = {
			isa = PBXGroup;
			children = (
				D4E6257D28BBE5FD009EAC2A /* ImageData.swift */,
			);
			path = Helper;
			sourceTree = "<group>";
		};
		D4E6258128BBF1DF009EAC2A /* Views */ = {
			isa = PBXGroup;
			children = (
				D4FE0AE228F3690C00595655 /* Components */,
				D466992D28E8CBDC00E366C7 /* Screens */,
				D4C846A728B802F4000B2C2F /* ContentView.swift */,
				D4E6258228BBF1E9009EAC2A /* Album */,
				D4E9E41228BEB4A200E92472 /* Profile */,
				D41A6B0828F0696200EFAD77 /* Track */,
			);
			path = Views;
			sourceTree = "<group>";
		};
		D4E6258228BBF1E9009EAC2A /* Album */ = {
			isa = PBXGroup;
			children = (
				D4C846D628B811DC000B2C2F /* AlbumRow.swift */,
				D4E6257528BBC0A7009EAC2A /* AlbumList.swift */,
			);
			path = Album;
			sourceTree = "<group>";
		};
		D4E9E41128BEB49700E92472 /* Profile */ = {
			isa = PBXGroup;
			children = (
				D4E9E40C28BE970D00E92472 /* Profile.swift */,
			);
			path = Profile;
			sourceTree = "<group>";
		};
		D4E9E41228BEB4A200E92472 /* Profile */ = {
			isa = PBXGroup;
			children = (
				D4E9E40F28BE9A1B00E92472 /* ProfileTag.swift */,
			);
			path = Profile;
			sourceTree = "<group>";
		};
		D4FE0AE228F3690C00595655 /* Components */ = {
			isa = PBXGroup;
			children = (
				D4FE0AE028F35E3200595655 /* ItemActionButton.swift */,
				D4FE0AD928F34CA700595655 /* AuthenticationButton.swift */,
				D4FE0ADC28F354FB00595655 /* GradientTopBox.swift */,
				D4FE0ADE28F358CF00595655 /* AppColorGradientImage.swift */,
			);
			path = Components;
			sourceTree = "<group>";
		};
/* End PBXGroup section */

/* Begin PBXNativeTarget section */
		D4C846A128B802F4000B2C2F /* Swift Spotify Janitor */ = {
			isa = PBXNativeTarget;
			buildConfigurationList = D4C846C628B802F6000B2C2F /* Build configuration list for PBXNativeTarget "Swift Spotify Janitor" */;
			buildPhases = (
				D4C8469E28B802F4000B2C2F /* Sources */,
				D4C8469F28B802F4000B2C2F /* Frameworks */,
				D4C846A028B802F4000B2C2F /* Resources */,
			);
			buildRules = (
			);
			dependencies = (
			);
			name = "Swift Spotify Janitor";
			productName = "Swift Spotify Janitor";
			productReference = D4C846A228B802F4000B2C2F /* Swift Spotify Janitor.app */;
			productType = "com.apple.product-type.application";
		};
		D4C846B128B802F6000B2C2F /* Swift Spotify JanitorTests */ = {
			isa = PBXNativeTarget;
			buildConfigurationList = D4C846C928B802F6000B2C2F /* Build configuration list for PBXNativeTarget "Swift Spotify JanitorTests" */;
			buildPhases = (
				D4C846AE28B802F6000B2C2F /* Sources */,
				D4C846AF28B802F6000B2C2F /* Frameworks */,
				D4C846B028B802F6000B2C2F /* Resources */,
			);
			buildRules = (
			);
			dependencies = (
				D4C846B428B802F6000B2C2F /* PBXTargetDependency */,
			);
			name = "Swift Spotify JanitorTests";
			productName = "Swift Spotify JanitorTests";
			productReference = D4C846B228B802F6000B2C2F /* Swift Spotify JanitorTests.xctest */;
			productType = "com.apple.product-type.bundle.unit-test";
		};
		D4C846BB28B802F6000B2C2F /* Swift Spotify JanitorUITests */ = {
			isa = PBXNativeTarget;
			buildConfigurationList = D4C846CC28B802F6000B2C2F /* Build configuration list for PBXNativeTarget "Swift Spotify JanitorUITests" */;
			buildPhases = (
				D4C846B828B802F6000B2C2F /* Sources */,
				D4C846B928B802F6000B2C2F /* Frameworks */,
				D4C846BA28B802F6000B2C2F /* Resources */,
			);
			buildRules = (
			);
			dependencies = (
				D4C846BE28B802F6000B2C2F /* PBXTargetDependency */,
			);
			name = "Swift Spotify JanitorUITests";
			productName = "Swift Spotify JanitorUITests";
			productReference = D4C846BC28B802F6000B2C2F /* Swift Spotify JanitorUITests.xctest */;
			productType = "com.apple.product-type.bundle.ui-testing";
		};
/* End PBXNativeTarget section */

/* Begin PBXProject section */
		D4C8469A28B802F4000B2C2F /* Project object */ = {
			isa = PBXProject;
			attributes = {
				BuildIndependentTargetsInParallel = 1;
				LastSwiftUpdateCheck = 1340;
				LastUpgradeCheck = 1340;
				TargetAttributes = {
					D4C846A128B802F4000B2C2F = {
						CreatedOnToolsVersion = 13.4.1;
					};
					D4C846B128B802F6000B2C2F = {
						CreatedOnToolsVersion = 13.4.1;
						TestTargetID = D4C846A128B802F4000B2C2F;
					};
					D4C846BB28B802F6000B2C2F = {
						CreatedOnToolsVersion = 13.4.1;
						TestTargetID = D4C846A128B802F4000B2C2F;
					};
				};
			};
			buildConfigurationList = D4C8469D28B802F4000B2C2F /* Build configuration list for PBXProject "Swift Spotify Janitor" */;
			compatibilityVersion = "Xcode 13.0";
			developmentRegion = en;
			hasScannedForEncodings = 0;
			knownRegions = (
				en,
				Base,
			);
			mainGroup = D4C8469928B802F4000B2C2F;
			productRefGroup = D4C846A328B802F4000B2C2F /* Products */;
			projectDirPath = "";
			projectRoot = "";
			targets = (
				D4C846A128B802F4000B2C2F /* Swift Spotify Janitor */,
				D4C846B128B802F6000B2C2F /* Swift Spotify JanitorTests */,
				D4C846BB28B802F6000B2C2F /* Swift Spotify JanitorUITests */,
			);
		};
/* End PBXProject section */

/* Begin PBXResourcesBuildPhase section */
		D4C846A028B802F4000B2C2F /* Resources */ = {
			isa = PBXResourcesBuildPhase;
			buildActionMask = 2147483647;
			files = (
				D4DBA44128EDC69600CEF5D9 /* OFL.txt in Resources */,
				D4DBA44728EDC69600CEF5D9 /* Poppins-Regular.ttf in Resources */,
				D4C846AD28B802F6000B2C2F /* Preview Assets.xcassets in Resources */,
				D4DBA44F28EDC69600CEF5D9 /* Poppins-Light.ttf in Resources */,
				D4DBA44D28EDC69600CEF5D9 /* Poppins-ExtraBold.ttf in Resources */,
				D4C846D228B8065C000B2C2F /* AccountInfo.json in Resources */,
				D4C846AA28B802F6000B2C2F /* Assets.xcassets in Resources */,
				D4C846D428B80943000B2C2F /* AccountSavedAlbums.json in Resources */,
			);
			runOnlyForDeploymentPostprocessing = 0;
		};
		D4C846B028B802F6000B2C2F /* Resources */ = {
			isa = PBXResourcesBuildPhase;
			buildActionMask = 2147483647;
			files = (
			);
			runOnlyForDeploymentPostprocessing = 0;
		};
		D4C846BA28B802F6000B2C2F /* Resources */ = {
			isa = PBXResourcesBuildPhase;
			buildActionMask = 2147483647;
			files = (
			);
			runOnlyForDeploymentPostprocessing = 0;
		};
/* End PBXResourcesBuildPhase section */

/* Begin PBXSourcesBuildPhase section */
		D4C8469E28B802F4000B2C2F /* Sources */ = {
			isa = PBXSourcesBuildPhase;
			buildActionMask = 2147483647;
			files = (
				D41A6B0728F068DC00EFAD77 /* TrackRow.swift in Sources */,
				D4DBA42528ED8DBD00CEF5D9 /* SplashScreen.swift in Sources */,
				D44E26EC28EDF4490073225D /* ProfileScreen.swift in Sources */,
				D4E9E41028BE9A1B00E92472 /* ProfileTag.swift in Sources */,
				D4C846A828B802F4000B2C2F /* ContentView.swift in Sources */,
				D4C846A628B802F4000B2C2F /* Swift_Spotify_JanitorApp.swift in Sources */,
				D4FE0AE128F35E3200595655 /* ItemActionButton.swift in Sources */,
				D466993328E8CD4400E366C7 /* AppConstants.swift in Sources */,
				D41A6B0528F0644200EFAD77 /* TrackItem.swift in Sources */,
				D4E6257628BBC0A7009EAC2A /* AlbumList.swift in Sources */,
				D4FE0ADA28F34CA700595655 /* AuthenticationButton.swift in Sources */,
				D4E6257C28BBE226009EAC2A /* Artist.swift in Sources */,
				D4FE0ADF28F358CF00595655 /* AppColorGradientImage.swift in Sources */,
				D4123B7D28E9F4D9007EA79B /* AccessTokenResponse.swift in Sources */,
				D466992F28E8CC0B00E366C7 /* MainScreen.swift in Sources */,
				D4E6256B28BBB9C1009EAC2A /* AlbumItem.swift in Sources */,
				D4C846D728B811DC000B2C2F /* AlbumRow.swift in Sources */,
				D41A6B0C28F06CD900EFAD77 /* Track.swift in Sources */,
				D4123B8028E9F552007EA79B /* NetworkManager.swift in Sources */,
				D4E6256E28BBBCC8009EAC2A /* Album.swift in Sources */,
				D4E6257E28BBE5FD009EAC2A /* ImageData.swift in Sources */,
				D41A6B0A28F0697200EFAD77 /* TrackList.swift in Sources */,
				D4E9E40D28BE970D00E92472 /* Profile.swift in Sources */,
				D466993128E8CCA700E366C7 /* LoginScreen.swift in Sources */,
				D44E26EE28EDF4530073225D /* TrackScreen.swift in Sources */,
				D4E6257A28BBC753009EAC2A /* AlbumResponse.swift in Sources */,
				D44E26EA28EDF3AC0073225D /* AlbumScreen.swift in Sources */,
				D4E6257228BBBEF3009EAC2A /* ModelData.swift in Sources */,
				D41A6B0228F063EF00EFAD77 /* TracksResponse.swift in Sources */,
				D4FE0ADD28F354FB00595655 /* GradientTopBox.swift in Sources */,
				D4DBA42828ED8F2D00CEF5D9 /* ColorExtension.swift in Sources */,
			);
			runOnlyForDeploymentPostprocessing = 0;
		};
		D4C846AE28B802F6000B2C2F /* Sources */ = {
			isa = PBXSourcesBuildPhase;
			buildActionMask = 2147483647;
			files = (
				D4C846B728B802F6000B2C2F /* Swift_Spotify_JanitorTests.swift in Sources */,
			);
			runOnlyForDeploymentPostprocessing = 0;
		};
		D4C846B828B802F6000B2C2F /* Sources */ = {
			isa = PBXSourcesBuildPhase;
			buildActionMask = 2147483647;
			files = (
				D4C846C128B802F6000B2C2F /* Swift_Spotify_JanitorUITests.swift in Sources */,
				D4C846C328B802F6000B2C2F /* Swift_Spotify_JanitorUITestsLaunchTests.swift in Sources */,
			);
			runOnlyForDeploymentPostprocessing = 0;
		};
/* End PBXSourcesBuildPhase section */

/* Begin PBXTargetDependency section */
		D4C846B428B802F6000B2C2F /* PBXTargetDependency */ = {
			isa = PBXTargetDependency;
			target = D4C846A128B802F4000B2C2F /* Swift Spotify Janitor */;
			targetProxy = D4C846B328B802F6000B2C2F /* PBXContainerItemProxy */;
		};
		D4C846BE28B802F6000B2C2F /* PBXTargetDependency */ = {
			isa = PBXTargetDependency;
			target = D4C846A128B802F4000B2C2F /* Swift Spotify Janitor */;
			targetProxy = D4C846BD28B802F6000B2C2F /* PBXContainerItemProxy */;
		};
/* End PBXTargetDependency section */

/* Begin XCBuildConfiguration section */
		D4C846C428B802F6000B2C2F /* Debug */ = {
			isa = XCBuildConfiguration;
			buildSettings = {
				ALWAYS_SEARCH_USER_PATHS = NO;
				CLANG_ANALYZER_NONNULL = YES;
				CLANG_ANALYZER_NUMBER_OBJECT_CONVERSION = YES_AGGRESSIVE;
				CLANG_CXX_LANGUAGE_STANDARD = "gnu++17";
				CLANG_ENABLE_MODULES = YES;
				CLANG_ENABLE_OBJC_ARC = YES;
				CLANG_ENABLE_OBJC_WEAK = YES;
				CLANG_WARN_BLOCK_CAPTURE_AUTORELEASING = YES;
				CLANG_WARN_BOOL_CONVERSION = YES;
				CLANG_WARN_COMMA = YES;
				CLANG_WARN_CONSTANT_CONVERSION = YES;
				CLANG_WARN_DEPRECATED_OBJC_IMPLEMENTATIONS = YES;
				CLANG_WARN_DIRECT_OBJC_ISA_USAGE = YES_ERROR;
				CLANG_WARN_DOCUMENTATION_COMMENTS = YES;
				CLANG_WARN_EMPTY_BODY = YES;
				CLANG_WARN_ENUM_CONVERSION = YES;
				CLANG_WARN_INFINITE_RECURSION = YES;
				CLANG_WARN_INT_CONVERSION = YES;
				CLANG_WARN_NON_LITERAL_NULL_CONVERSION = YES;
				CLANG_WARN_OBJC_IMPLICIT_RETAIN_SELF = YES;
				CLANG_WARN_OBJC_LITERAL_CONVERSION = YES;
				CLANG_WARN_OBJC_ROOT_CLASS = YES_ERROR;
				CLANG_WARN_QUOTED_INCLUDE_IN_FRAMEWORK_HEADER = YES;
				CLANG_WARN_RANGE_LOOP_ANALYSIS = YES;
				CLANG_WARN_STRICT_PROTOTYPES = YES;
				CLANG_WARN_SUSPICIOUS_MOVE = YES;
				CLANG_WARN_UNGUARDED_AVAILABILITY = YES_AGGRESSIVE;
				CLANG_WARN_UNREACHABLE_CODE = YES;
				CLANG_WARN__DUPLICATE_METHOD_MATCH = YES;
				COPY_PHASE_STRIP = NO;
				DEBUG_INFORMATION_FORMAT = dwarf;
				ENABLE_STRICT_OBJC_MSGSEND = YES;
				ENABLE_TESTABILITY = YES;
				GCC_C_LANGUAGE_STANDARD = gnu11;
				GCC_DYNAMIC_NO_PIC = NO;
				GCC_NO_COMMON_BLOCKS = YES;
				GCC_OPTIMIZATION_LEVEL = 0;
				GCC_PREPROCESSOR_DEFINITIONS = (
					"DEBUG=1",
					"$(inherited)",
				);
				GCC_WARN_64_TO_32_BIT_CONVERSION = YES;
				GCC_WARN_ABOUT_RETURN_TYPE = YES_ERROR;
				GCC_WARN_UNDECLARED_SELECTOR = YES;
				GCC_WARN_UNINITIALIZED_AUTOS = YES_AGGRESSIVE;
				GCC_WARN_UNUSED_FUNCTION = YES;
				GCC_WARN_UNUSED_VARIABLE = YES;
				IPHONEOS_DEPLOYMENT_TARGET = 15.5;
				MTL_ENABLE_DEBUG_INFO = INCLUDE_SOURCE;
				MTL_FAST_MATH = YES;
				ONLY_ACTIVE_ARCH = YES;
				SDKROOT = iphoneos;
				SWIFT_ACTIVE_COMPILATION_CONDITIONS = DEBUG;
				SWIFT_OPTIMIZATION_LEVEL = "-Onone";
			};
			name = Debug;
		};
		D4C846C528B802F6000B2C2F /* Release */ = {
			isa = XCBuildConfiguration;
			buildSettings = {
				ALWAYS_SEARCH_USER_PATHS = NO;
				CLANG_ANALYZER_NONNULL = YES;
				CLANG_ANALYZER_NUMBER_OBJECT_CONVERSION = YES_AGGRESSIVE;
				CLANG_CXX_LANGUAGE_STANDARD = "gnu++17";
				CLANG_ENABLE_MODULES = YES;
				CLANG_ENABLE_OBJC_ARC = YES;
				CLANG_ENABLE_OBJC_WEAK = YES;
				CLANG_WARN_BLOCK_CAPTURE_AUTORELEASING = YES;
				CLANG_WARN_BOOL_CONVERSION = YES;
				CLANG_WARN_COMMA = YES;
				CLANG_WARN_CONSTANT_CONVERSION = YES;
				CLANG_WARN_DEPRECATED_OBJC_IMPLEMENTATIONS = YES;
				CLANG_WARN_DIRECT_OBJC_ISA_USAGE = YES_ERROR;
				CLANG_WARN_DOCUMENTATION_COMMENTS = YES;
				CLANG_WARN_EMPTY_BODY = YES;
				CLANG_WARN_ENUM_CONVERSION = YES;
				CLANG_WARN_INFINITE_RECURSION = YES;
				CLANG_WARN_INT_CONVERSION = YES;
				CLANG_WARN_NON_LITERAL_NULL_CONVERSION = YES;
				CLANG_WARN_OBJC_IMPLICIT_RETAIN_SELF = YES;
				CLANG_WARN_OBJC_LITERAL_CONVERSION = YES;
				CLANG_WARN_OBJC_ROOT_CLASS = YES_ERROR;
				CLANG_WARN_QUOTED_INCLUDE_IN_FRAMEWORK_HEADER = YES;
				CLANG_WARN_RANGE_LOOP_ANALYSIS = YES;
				CLANG_WARN_STRICT_PROTOTYPES = YES;
				CLANG_WARN_SUSPICIOUS_MOVE = YES;
				CLANG_WARN_UNGUARDED_AVAILABILITY = YES_AGGRESSIVE;
				CLANG_WARN_UNREACHABLE_CODE = YES;
				CLANG_WARN__DUPLICATE_METHOD_MATCH = YES;
				COPY_PHASE_STRIP = NO;
				DEBUG_INFORMATION_FORMAT = "dwarf-with-dsym";
				ENABLE_NS_ASSERTIONS = NO;
				ENABLE_STRICT_OBJC_MSGSEND = YES;
				GCC_C_LANGUAGE_STANDARD = gnu11;
				GCC_NO_COMMON_BLOCKS = YES;
				GCC_WARN_64_TO_32_BIT_CONVERSION = YES;
				GCC_WARN_ABOUT_RETURN_TYPE = YES_ERROR;
				GCC_WARN_UNDECLARED_SELECTOR = YES;
				GCC_WARN_UNINITIALIZED_AUTOS = YES_AGGRESSIVE;
				GCC_WARN_UNUSED_FUNCTION = YES;
				GCC_WARN_UNUSED_VARIABLE = YES;
				IPHONEOS_DEPLOYMENT_TARGET = 15.5;
				MTL_ENABLE_DEBUG_INFO = NO;
				MTL_FAST_MATH = YES;
				SDKROOT = iphoneos;
				SWIFT_COMPILATION_MODE = wholemodule;
				SWIFT_OPTIMIZATION_LEVEL = "-O";
				VALIDATE_PRODUCT = YES;
			};
			name = Release;
		};
		D4C846C728B802F6000B2C2F /* Debug */ = {
			isa = XCBuildConfiguration;
			buildSettings = {
				ASSETCATALOG_COMPILER_APPICON_NAME = AppIcon;
				ASSETCATALOG_COMPILER_GLOBAL_ACCENT_COLOR_NAME = AccentColor;
				CODE_SIGN_STYLE = Automatic;
				CURRENT_PROJECT_VERSION = 1;
				DEVELOPMENT_ASSET_PATHS = "\"Swift Spotify Janitor/Preview Content\"";
				DEVELOPMENT_TEAM = HLF2PH784R;
				ENABLE_PREVIEWS = YES;
				GENERATE_INFOPLIST_FILE = YES;
				INFOPLIST_FILE = "Swift-Spotify-Janitor-Info.plist";
				INFOPLIST_KEY_UIApplicationSceneManifest_Generation = YES;
				INFOPLIST_KEY_UIApplicationSupportsIndirectInputEvents = YES;
				INFOPLIST_KEY_UILaunchScreen_Generation = YES;
				INFOPLIST_KEY_UISupportedInterfaceOrientations_iPad = UIInterfaceOrientationPortrait;
				INFOPLIST_KEY_UISupportedInterfaceOrientations_iPhone = UIInterfaceOrientationPortrait;
				LD_RUNPATH_SEARCH_PATHS = (
					"$(inherited)",
					"@executable_path/Frameworks",
				);
				MARKETING_VERSION = 1.0;
				PRODUCT_BUNDLE_IDENTIFIER = "com.daveleron.swiftspotifyjanitor.Swift-Spotify-Janitor";
				PRODUCT_NAME = "$(TARGET_NAME)";
				SWIFT_EMIT_LOC_STRINGS = YES;
				SWIFT_VERSION = 5.0;
				TARGETED_DEVICE_FAMILY = "1,2";
			};
			name = Debug;
		};
		D4C846C828B802F6000B2C2F /* Release */ = {
			isa = XCBuildConfiguration;
			buildSettings = {
				ASSETCATALOG_COMPILER_APPICON_NAME = AppIcon;
				ASSETCATALOG_COMPILER_GLOBAL_ACCENT_COLOR_NAME = AccentColor;
				CODE_SIGN_STYLE = Automatic;
				CURRENT_PROJECT_VERSION = 1;
				DEVELOPMENT_ASSET_PATHS = "\"Swift Spotify Janitor/Preview Content\"";
				DEVELOPMENT_TEAM = HLF2PH784R;
				ENABLE_PREVIEWS = YES;
				GENERATE_INFOPLIST_FILE = YES;
				INFOPLIST_FILE = "Swift-Spotify-Janitor-Info.plist";
				INFOPLIST_KEY_UIApplicationSceneManifest_Generation = YES;
				INFOPLIST_KEY_UIApplicationSupportsIndirectInputEvents = YES;
				INFOPLIST_KEY_UILaunchScreen_Generation = YES;
				INFOPLIST_KEY_UISupportedInterfaceOrientations_iPad = UIInterfaceOrientationPortrait;
				INFOPLIST_KEY_UISupportedInterfaceOrientations_iPhone = UIInterfaceOrientationPortrait;
				LD_RUNPATH_SEARCH_PATHS = (
					"$(inherited)",
					"@executable_path/Frameworks",
				);
				MARKETING_VERSION = 1.0;
				PRODUCT_BUNDLE_IDENTIFIER = "com.daveleron.swiftspotifyjanitor.Swift-Spotify-Janitor";
				PRODUCT_NAME = "$(TARGET_NAME)";
				SWIFT_EMIT_LOC_STRINGS = YES;
				SWIFT_VERSION = 5.0;
				TARGETED_DEVICE_FAMILY = "1,2";
			};
			name = Release;
		};
		D4C846CA28B802F6000B2C2F /* Debug */ = {
			isa = XCBuildConfiguration;
			buildSettings = {
				ALWAYS_EMBED_SWIFT_STANDARD_LIBRARIES = YES;
				BUNDLE_LOADER = "$(TEST_HOST)";
				CODE_SIGN_STYLE = Automatic;
				CURRENT_PROJECT_VERSION = 1;
				DEVELOPMENT_TEAM = HLF2PH784R;
				GENERATE_INFOPLIST_FILE = YES;
				IPHONEOS_DEPLOYMENT_TARGET = 15.5;
				MARKETING_VERSION = 1.0;
				PRODUCT_BUNDLE_IDENTIFIER = "com.daveleron.swiftspotifyjanitor.Swift-Spotify-JanitorTests";
				PRODUCT_NAME = "$(TARGET_NAME)";
				SWIFT_EMIT_LOC_STRINGS = NO;
				SWIFT_VERSION = 5.0;
				TARGETED_DEVICE_FAMILY = "1,2";
				TEST_HOST = "$(BUILT_PRODUCTS_DIR)/Swift Spotify Janitor.app/Swift Spotify Janitor";
			};
			name = Debug;
		};
		D4C846CB28B802F6000B2C2F /* Release */ = {
			isa = XCBuildConfiguration;
			buildSettings = {
				ALWAYS_EMBED_SWIFT_STANDARD_LIBRARIES = YES;
				BUNDLE_LOADER = "$(TEST_HOST)";
				CODE_SIGN_STYLE = Automatic;
				CURRENT_PROJECT_VERSION = 1;
				DEVELOPMENT_TEAM = HLF2PH784R;
				GENERATE_INFOPLIST_FILE = YES;
				IPHONEOS_DEPLOYMENT_TARGET = 15.5;
				MARKETING_VERSION = 1.0;
				PRODUCT_BUNDLE_IDENTIFIER = "com.daveleron.swiftspotifyjanitor.Swift-Spotify-JanitorTests";
				PRODUCT_NAME = "$(TARGET_NAME)";
				SWIFT_EMIT_LOC_STRINGS = NO;
				SWIFT_VERSION = 5.0;
				TARGETED_DEVICE_FAMILY = "1,2";
				TEST_HOST = "$(BUILT_PRODUCTS_DIR)/Swift Spotify Janitor.app/Swift Spotify Janitor";
			};
			name = Release;
		};
		D4C846CD28B802F6000B2C2F /* Debug */ = {
			isa = XCBuildConfiguration;
			buildSettings = {
				ALWAYS_EMBED_SWIFT_STANDARD_LIBRARIES = YES;
				CODE_SIGN_STYLE = Automatic;
				CURRENT_PROJECT_VERSION = 1;
				DEVELOPMENT_TEAM = HLF2PH784R;
				GENERATE_INFOPLIST_FILE = YES;
				MARKETING_VERSION = 1.0;
				PRODUCT_BUNDLE_IDENTIFIER = "com.daveleron.swiftspotifyjanitor.Swift-Spotify-JanitorUITests";
				PRODUCT_NAME = "$(TARGET_NAME)";
				SWIFT_EMIT_LOC_STRINGS = NO;
				SWIFT_VERSION = 5.0;
				TARGETED_DEVICE_FAMILY = "1,2";
				TEST_TARGET_NAME = "Swift Spotify Janitor";
			};
			name = Debug;
		};
		D4C846CE28B802F6000B2C2F /* Release */ = {
			isa = XCBuildConfiguration;
			buildSettings = {
				ALWAYS_EMBED_SWIFT_STANDARD_LIBRARIES = YES;
				CODE_SIGN_STYLE = Automatic;
				CURRENT_PROJECT_VERSION = 1;
				DEVELOPMENT_TEAM = HLF2PH784R;
				GENERATE_INFOPLIST_FILE = YES;
				MARKETING_VERSION = 1.0;
				PRODUCT_BUNDLE_IDENTIFIER = "com.daveleron.swiftspotifyjanitor.Swift-Spotify-JanitorUITests";
				PRODUCT_NAME = "$(TARGET_NAME)";
				SWIFT_EMIT_LOC_STRINGS = NO;
				SWIFT_VERSION = 5.0;
				TARGETED_DEVICE_FAMILY = "1,2";
				TEST_TARGET_NAME = "Swift Spotify Janitor";
			};
			name = Release;
		};
/* End XCBuildConfiguration section */

/* Begin XCConfigurationList section */
		D4C8469D28B802F4000B2C2F /* Build configuration list for PBXProject "Swift Spotify Janitor" */ = {
			isa = XCConfigurationList;
			buildConfigurations = (
				D4C846C428B802F6000B2C2F /* Debug */,
				D4C846C528B802F6000B2C2F /* Release */,
			);
			defaultConfigurationIsVisible = 0;
			defaultConfigurationName = Release;
		};
		D4C846C628B802F6000B2C2F /* Build configuration list for PBXNativeTarget "Swift Spotify Janitor" */ = {
			isa = XCConfigurationList;
			buildConfigurations = (
				D4C846C728B802F6000B2C2F /* Debug */,
				D4C846C828B802F6000B2C2F /* Release */,
			);
			defaultConfigurationIsVisible = 0;
			defaultConfigurationName = Release;
		};
		D4C846C928B802F6000B2C2F /* Build configuration list for PBXNativeTarget "Swift Spotify JanitorTests" */ = {
			isa = XCConfigurationList;
			buildConfigurations = (
				D4C846CA28B802F6000B2C2F /* Debug */,
				D4C846CB28B802F6000B2C2F /* Release */,
			);
			defaultConfigurationIsVisible = 0;
			defaultConfigurationName = Release;
		};
		D4C846CC28B802F6000B2C2F /* Build configuration list for PBXNativeTarget "Swift Spotify JanitorUITests" */ = {
			isa = XCConfigurationList;
			buildConfigurations = (
				D4C846CD28B802F6000B2C2F /* Debug */,
				D4C846CE28B802F6000B2C2F /* Release */,
			);
			defaultConfigurationIsVisible = 0;
			defaultConfigurationName = Release;
		};
/* End XCConfigurationList section */
	};
	rootObject = D4C8469A28B802F4000B2C2F /* Project object */;
}
