<?xml version="1.0" encoding="UTF-8"?>
<Scheme
   version = "1.3">
   <BuildAction>
      <BuildActionEntries>
         <BuildActionEntry
            buildForRunning = "YES">
            <BuildableReference
               BuildableIdentifier = "primary"
               BlueprintIdentifier = "D4C846A128B802F4000B2C2F"
               BuildableName = "Swift Spotify Janitor.app"
               BlueprintName = "Swift Spotify Janitor"
               ReferencedContainer = "container:Swift Spotify Janitor.xcodeproj">
            </BuildableReference>
         </BuildActionEntry>
      </BuildActionEntries>
   </BuildAction>
   <LaunchAction
      useCustomWorkingDirectory = "NO"
      buildConfiguration = "Debug"
      allowLocationSimulation = "YES">
      <BuildableProductRunnable>
         <BuildableReference
            BuildableIdentifier = "primary"
            BlueprintIdentifier = "D4C846A128B802F4000B2C2F"
            BuildableName = "Swift Spotify Janitor.app"
            BlueprintName = "Swift Spotify Janitor"
            ReferencedContainer = "container:Swift Spotify Janitor.xcodeproj">
         </BuildableReference>
      </BuildableProductRunnable>
   </LaunchAction>
</Scheme>
